
Microsoft Visual Studio Solution File, Format Version 12.00
# Visual Studio Version 16
VisualStudioVersion = 25.0.1706.7
MinimumVisualStudioVersion = 10.0.40219.1
Project("{FAE04EC0-301F-11D3-BF4B-00C04F79EFBC}") = "BundlesChallenge", "BundlesChallenge\BundlesChallenge.csproj", "{D3E4E06F-DF89-4589-9EBE-7412B395CB28}"
EndProject
Project("{FAE04EC0-301F-11D3-BF4B-00C04F79EFBC}") = "BundlesChallengeTests", "BundleChallengeTests\BundlesChallengeTests.csproj", "{B554E81B-9EAC-4C68-A5FF-03CC1ECC6662}"
EndProject
Global
	GlobalSection(SolutionConfigurationPlatforms) = preSolution
		Debug|Any CPU = Debug|Any CPU
		Release|Any CPU = Release|Any CPU
	EndGlobalSection
	GlobalSection(ProjectConfigurationPlatforms) = postSolution
		{D3E4E06F-DF89-4589-9EBE-7412B395CB28}.Debug|Any CPU.ActiveCfg = Debug|Any CPU
		{D3E4E06F-DF89-4589-9EBE-7412B395CB28}.Debug|Any CPU.Build.0 = Debug|Any CPU
		{D3E4E06F-DF89-4589-9EBE-7412B395CB28}.Release|Any CPU.ActiveCfg = Release|Any CPU
		{D3E4E06F-DF89-4589-9EBE-7412B395CB28}.Release|Any CPU.Build.0 = Release|Any CPU
		{B554E81B-9EAC-4C68-A5FF-03CC1ECC6662}.Debug|Any CPU.ActiveCfg = Debug|Any CPU
		{B554E81B-9EAC-4C68-A5FF-03CC1ECC6662}.Debug|Any CPU.Build.0 = Debug|Any CPU
		{B554E81B-9EAC-4C68-A5FF-03CC1ECC6662}.Release|Any CPU.ActiveCfg = Release|Any CPU
		{B554E81B-9EAC-4C68-A5FF-03CC1ECC6662}.Release|Any CPU.Build.0 = Release|Any CPU
	EndGlobalSection
	GlobalSection(SolutionProperties) = preSolution
		HideSolutionNode = FALSE
	EndGlobalSection
	GlobalSection(ExtensibilityGlobals) = postSolution
		SolutionGuid = {28FD10D0-C7EA-4EC9-AD9E-655771D0BAED}
	EndGlobalSection
EndGlobal
